// !$*UTF8*$!
{
	archiveVersion = 1;
	classes = {
	};
	objectVersion = 56;
	objects = {

/* Begin PBXBuildFile section */
		A02254ED2C58F0CD00A78B01 /* AppDelegate.swift in Sources */ = {isa = PBXBuildFile; fileRef = A02254EC2C58F0CD00A78B01 /* AppDelegate.swift */; };
		A02254EF2C58F0CD00A78B01 /* SceneDelegate.swift in Sources */ = {isa = PBXBuildFile; fileRef = A02254EE2C58F0CD00A78B01 /* SceneDelegate.swift */; };
		A02254F12C58F0CD00A78B01 /* ViewController.swift in Sources */ = {isa = PBXBuildFile; fileRef = A02254F02C58F0CD00A78B01 /* ViewController.swift */; };
		A02254F42C58F0CD00A78B01 /* Base in Resources */ = {isa = PBXBuildFile; fileRef = A02254F32C58F0CD00A78B01 /* Base */; };
		A02254F62C58F0CE00A78B01 /* Assets.xcassets in Resources */ = {isa = PBXBuildFile; fileRef = A02254F52C58F0CE00A78B01 /* Assets.xcassets */; };
		A02254F92C58F0CE00A78B01 /* Base in Resources */ = {isa = PBXBuildFile; fileRef = A02254F82C58F0CE00A78B01 /* Base */; };
		A02255062C58F40F00A78B01 /* FormViewController.swift in Sources */ = {isa = PBXBuildFile; fileRef = A02255052C58F40F00A78B01 /* FormViewController.swift */; };
		A02255082C58F46200A78B01 /* WeightCategoryViewController.swift in Sources */ = {isa = PBXBuildFile; fileRef = A02255072C58F46200A78B01 /* WeightCategoryViewController.swift */; };
		A022550A2C58F47900A78B01 /* BMIModel.swift in Sources */ = {isa = PBXBuildFile; fileRef = A02255092C58F47900A78B01 /* BMIModel.swift */; };
		A022550C2C58F48600A78B01 /* BMICategory.swift in Sources */ = {isa = PBXBuildFile; fileRef = A022550B2C58F48600A78B01 /* BMICategory.swift */; };
		A022550E2C58F4B900A78B01 /* FormViewModel.swift in Sources */ = {isa = PBXBuildFile; fileRef = A022550D2C58F4B900A78B01 /* FormViewModel.swift */; };
		A02255102C58F4D900A78B01 /* WeightCategoryViewModel.swift in Sources */ = {isa = PBXBuildFile; fileRef = A022550F2C58F4D900A78B01 /* WeightCategoryViewModel.swift */; };
/* End PBXBuildFile section */

/* Begin PBXFileReference section */
		A02254E92C58F0CD00A78B01 /* CalculatorBMI.app */ = {isa = PBXFileReference; explicitFileType = wrapper.application; includeInIndex = 0; path = CalculatorBMI.app; sourceTree = BUILT_PRODUCTS_DIR; };
		A02254EC2C58F0CD00A78B01 /* AppDelegate.swift */ = {isa = PBXFileReference; lastKnownFileType = sourcecode.swift; path = AppDelegate.swift; sourceTree = "<group>"; };
		A02254EE2C58F0CD00A78B01 /* SceneDelegate.swift */ = {isa = PBXFileReference; lastKnownFileType = sourcecode.swift; path = SceneDelegate.swift; sourceTree = "<group>"; };
		A02254F02C58F0CD00A78B01 /* ViewController.swift */ = {isa = PBXFileReference; lastKnownFileType = sourcecode.swift; path = ViewController.swift; sourceTree = "<group>"; };
		A02254F32C58F0CD00A78B01 /* Base */ = {isa = PBXFileReference; lastKnownFileType = file.storyboard; name = Base; path = Base.lproj/Main.storyboard; sourceTree = "<group>"; };
		A02254F52C58F0CE00A78B01 /* Assets.xcassets */ = {isa = PBXFileReference; lastKnownFileType = folder.assetcatalog; path = Assets.xcassets; sourceTree = "<group>"; };
		A02254F82C58F0CE00A78B01 /* Base */ = {isa = PBXFileReference; lastKnownFileType = file.storyboard; name = Base; path = Base.lproj/LaunchScreen.storyboard; sourceTree = "<group>"; };
		A02254FA2C58F0CE00A78B01 /* Info.plist */ = {isa = PBXFileReference; lastKnownFileType = text.plist.xml; path = Info.plist; sourceTree = "<group>"; };
		A02255052C58F40F00A78B01 /* FormViewController.swift */ = {isa = PBXFileReference; lastKnownFileType = sourcecode.swift; path = FormViewController.swift; sourceTree = "<group>"; };
		A02255072C58F46200A78B01 /* WeightCategoryViewController.swift */ = {isa = PBXFileReference; lastKnownFileType = sourcecode.swift; path = WeightCategoryViewController.swift; sourceTree = "<group>"; };
		A02255092C58F47900A78B01 /* BMIModel.swift */ = {isa = PBXFileReference; lastKnownFileType = sourcecode.swift; path = BMIModel.swift; sourceTree = "<group>"; };
		A022550B2C58F48600A78B01 /* BMICategory.swift */ = {isa = PBXFileReference; lastKnownFileType = sourcecode.swift; path = BMICategory.swift; sourceTree = "<group>"; };
		A022550D2C58F4B900A78B01 /* FormViewModel.swift */ = {isa = PBXFileReference; lastKnownFileType = sourcecode.swift; path = FormViewModel.swift; sourceTree = "<group>"; };
		A022550F2C58F4D900A78B01 /* WeightCategoryViewModel.swift */ = {isa = PBXFileReference; lastKnownFileType = sourcecode.swift; path = WeightCategoryViewModel.swift; sourceTree = "<group>"; };
/* End PBXFileReference section */

/* Begin PBXFrameworksBuildPhase section */
		A02254E62C58F0CD00A78B01 /* Frameworks */ = {
			isa = PBXFrameworksBuildPhase;
			buildActionMask = 2147483647;
			files = (
			);
			runOnlyForDeploymentPostprocessing = 0;
		};
/* End PBXFrameworksBuildPhase section */

/* Begin PBXGroup section */
		A02254E02C58F0CD00A78B01 = {
			isa = PBXGroup;
			children = (
				A02254EB2C58F0CD00A78B01 /* CalculatorBMI */,
				A02254EA2C58F0CD00A78B01 /* Products */,
			);
			sourceTree = "<group>";
		};
		A02254EA2C58F0CD00A78B01 /* Products */ = {
			isa = PBXGroup;
			children = (
				A02254E92C58F0CD00A78B01 /* CalculatorBMI.app */,
			);
			name = Products;
			sourceTree = "<group>";
		};
		A02254EB2C58F0CD00A78B01 /* CalculatorBMI */ = {
			isa = PBXGroup;
			children = (
				A02255012C58F3B500A78B01 /* Models */,
				A02255022C58F3BB00A78B01 /* ViewModels */,
				A02255032C58F3C500A78B01 /* Views */,
				A02254EC2C58F0CD00A78B01 /* AppDelegate.swift */,
				A02254EE2C58F0CD00A78B01 /* SceneDelegate.swift */,
				A02254F72C58F0CE00A78B01 /* LaunchScreen.storyboard */,
				A02254FA2C58F0CE00A78B01 /* Info.plist */,
			);
			path = CalculatorBMI;
			sourceTree = "<group>";
		};
		A02255012C58F3B500A78B01 /* Models */ = {
			isa = PBXGroup;
			children = (
				A02255092C58F47900A78B01 /* BMIModel.swift */,
				A022550B2C58F48600A78B01 /* BMICategory.swift */,
			);
			path = Models;
			sourceTree = "<group>";
		};
		A02255022C58F3BB00A78B01 /* ViewModels */ = {
			isa = PBXGroup;
			children = (
				A022550D2C58F4B900A78B01 /* FormViewModel.swift */,
				A022550F2C58F4D900A78B01 /* WeightCategoryViewModel.swift */,
			);
			path = ViewModels;
			sourceTree = "<group>";
		};
		A02255032C58F3C500A78B01 /* Views */ = {
			isa = PBXGroup;
			children = (
				A02254F02C58F0CD00A78B01 /* ViewController.swift */,
				A02255052C58F40F00A78B01 /* FormViewController.swift */,
				A02255072C58F46200A78B01 /* WeightCategoryViewController.swift */,
				A02254F22C58F0CD00A78B01 /* Main.storyboard */,
				A02254F52C58F0CE00A78B01 /* Assets.xcassets */,
			);
			path = Views;
			sourceTree = "<group>";
		};
/* End PBXGroup section */

/* Begin PBXNativeTarget section */
		A02254E82C58F0CD00A78B01 /* CalculatorBMI */ = {
			isa = PBXNativeTarget;
			buildConfigurationList = A02254FD2C58F0CE00A78B01 /* Build configuration list for PBXNativeTarget "CalculatorBMI" */;
			buildPhases = (
				A02254E52C58F0CD00A78B01 /* Sources */,
				A02254E62C58F0CD00A78B01 /* Frameworks */,
				A02254E72C58F0CD00A78B01 /* Resources */,
			);
			buildRules = (
			);
			dependencies = (
			);
			name = CalculatorBMI;
			productName = CalculatorBMI;
			productReference = A02254E92C58F0CD00A78B01 /* CalculatorBMI.app */;
			productType = "com.apple.product-type.application";
		};
/* End PBXNativeTarget section */

/* Begin PBXProject section */
		A02254E12C58F0CD00A78B01 /* Project object */ = {
			isa = PBXProject;
			attributes = {
				BuildIndependentTargetsInParallel = 1;
				LastSwiftUpdateCheck = 1530;
				LastUpgradeCheck = 1530;
				TargetAttributes = {
					A02254E82C58F0CD00A78B01 = {
						CreatedOnToolsVersion = 15.3;
					};
				};
			};
			buildConfigurationList = A02254E42C58F0CD00A78B01 /* Build configuration list for PBXProject "CalculatorBMI" */;
			compatibilityVersion = "Xcode 14.0";
			developmentRegion = en;
			hasScannedForEncodings = 0;
			knownRegions = (
				en,
				Base,
			);
			mainGroup = A02254E02C58F0CD00A78B01;
			productRefGroup = A02254EA2C58F0CD00A78B01 /* Products */;
			projectDirPath = "";
			projectRoot = "";
			targets = (
				A02254E82C58F0CD00A78B01 /* CalculatorBMI */,
			);
		};
/* End PBXProject section */

/* Begin PBXResourcesBuildPhase section */
		A02254E72C58F0CD00A78B01 /* Resources */ = {
			isa = PBXResourcesBuildPhase;
			buildActionMask = 2147483647;
			files = (
				A02254F62C58F0CE00A78B01 /* Assets.xcassets in Resources */,
				A02254F92C58F0CE00A78B01 /* Base in Resources */,
				A02254F42C58F0CD00A78B01 /* Base in Resources */,
			);
			runOnlyForDeploymentPostprocessing = 0;
		};
/* End PBXResourcesBuildPhase section */

/* Begin PBXSourcesBuildPhase section */
		A02254E52C58F0CD00A78B01 /* Sources */ = {
			isa = PBXSourcesBuildPhase;
			buildActionMask = 2147483647;
			files = (
				A02254F12C58F0CD00A78B01 /* ViewController.swift in Sources */,
				A02254ED2C58F0CD00A78B01 /* AppDelegate.swift in Sources */,
				A02255102C58F4D900A78B01 /* WeightCategoryViewModel.swift in Sources */,
				A022550A2C58F47900A78B01 /* BMIModel.swift in Sources */,
				A022550C2C58F48600A78B01 /* BMICategory.swift in Sources */,
				A02255062C58F40F00A78B01 /* FormViewController.swift in Sources */,
				A02255082C58F46200A78B01 /* WeightCategoryViewController.swift in Sources */,
				A022550E2C58F4B900A78B01 /* FormViewModel.swift in Sources */,
				A02254EF2C58F0CD00A78B01 /* SceneDelegate.swift in Sources */,
			);
			runOnlyForDeploymentPostprocessing = 0;
		};
/* End PBXSourcesBuildPhase section */

/* Begin PBXVariantGroup section */
		A02254F22C58F0CD00A78B01 /* Main.storyboard */ = {
			isa = PBXVariantGroup;
			children = (
				A02254F32C58F0CD00A78B01 /* Base */,
			);
			name = Main.storyboard;
			sourceTree = "<group>";
		};
		A02254F72C58F0CE00A78B01 /* LaunchScreen.storyboard */ = {
			isa = PBXVariantGroup;
			children = (
				A02254F82C58F0CE00A78B01 /* Base */,
			);
			name = LaunchScreen.storyboard;
			sourceTree = "<group>";
		};
/* End PBXVariantGroup section */

/* Begin XCBuildConfiguration section */
		A02254FB2C58F0CE00A78B01 /* Debug */ = {
			isa = XCBuildConfiguration;
			buildSettings = {
				ALWAYS_SEARCH_USER_PATHS = NO;
				ASSETCATALOG_COMPILER_GENERATE_SWIFT_ASSET_SYMBOL_EXTENSIONS = YES;
				CLANG_ANALYZER_NONNULL = YES;
				CLANG_ANALYZER_NUMBER_OBJECT_CONVERSION = YES_AGGRESSIVE;
				CLANG_CXX_LANGUAGE_STANDARD = "gnu++20";
				CLANG_ENABLE_MODULES = YES;
				CLANG_ENABLE_OBJC_ARC = YES;
				CLANG_ENABLE_OBJC_WEAK = YES;
				CLANG_WARN_BLOCK_CAPTURE_AUTORELEASING = YES;
				CLANG_WARN_BOOL_CONVERSION = YES;
				CLANG_WARN_COMMA = YES;
				CLANG_WARN_CONSTANT_CONVERSION = YES;
				CLANG_WARN_DEPRECATED_OBJC_IMPLEMENTATIONS = YES;
				CLANG_WARN_DIRECT_OBJC_ISA_USAGE = YES_ERROR;
				CLANG_WARN_DOCUMENTATION_COMMENTS = YES;
				CLANG_WARN_EMPTY_BODY = YES;
				CLANG_WARN_ENUM_CONVERSION = YES;
				CLANG_WARN_INFINITE_RECURSION = YES;
				CLANG_WARN_INT_CONVERSION = YES;
				CLANG_WARN_NON_LITERAL_NULL_CONVERSION = YES;
				CLANG_WARN_OBJC_IMPLICIT_RETAIN_SELF = YES;
				CLANG_WARN_OBJC_LITERAL_CONVERSION = YES;
				CLANG_WARN_OBJC_ROOT_CLASS = YES_ERROR;
				CLANG_WARN_QUOTED_INCLUDE_IN_FRAMEWORK_HEADER = YES;
				CLANG_WARN_RANGE_LOOP_ANALYSIS = YES;
				CLANG_WARN_STRICT_PROTOTYPES = YES;
				CLANG_WARN_SUSPICIOUS_MOVE = YES;
				CLANG_WARN_UNGUARDED_AVAILABILITY = YES_AGGRESSIVE;
				CLANG_WARN_UNREACHABLE_CODE = YES;
				CLANG_WARN__DUPLICATE_METHOD_MATCH = YES;
				COPY_PHASE_STRIP = NO;
				DEBUG_INFORMATION_FORMAT = dwarf;
				ENABLE_STRICT_OBJC_MSGSEND = YES;
				ENABLE_TESTABILITY = YES;
				ENABLE_USER_SCRIPT_SANDBOXING = YES;
				GCC_C_LANGUAGE_STANDARD = gnu17;
				GCC_DYNAMIC_NO_PIC = NO;
				GCC_NO_COMMON_BLOCKS = YES;
				GCC_OPTIMIZATION_LEVEL = 0;
				GCC_PREPROCESSOR_DEFINITIONS = (
					"DEBUG=1",
					"$(inherited)",
				);
				GCC_WARN_64_TO_32_BIT_CONVERSION = YES;
				GCC_WARN_ABOUT_RETURN_TYPE = YES_ERROR;
				GCC_WARN_UNDECLARED_SELECTOR = YES;
				GCC_WARN_UNINITIALIZED_AUTOS = YES_AGGRESSIVE;
				GCC_WARN_UNUSED_FUNCTION = YES;
				GCC_WARN_UNUSED_VARIABLE = YES;
				IPHONEOS_DEPLOYMENT_TARGET = 17.4;
				LOCALIZATION_PREFERS_STRING_CATALOGS = YES;
				MTL_ENABLE_DEBUG_INFO = INCLUDE_SOURCE;
				MTL_FAST_MATH = YES;
				ONLY_ACTIVE_ARCH = YES;
				SDKROOT = iphoneos;
				SWIFT_ACTIVE_COMPILATION_CONDITIONS = "DEBUG $(inherited)";
				SWIFT_OPTIMIZATION_LEVEL = "-Onone";
			};
			name = Debug;
		};
		A02254FC2C58F0CE00A78B01 /* Release */ = {
			isa = XCBuildConfiguration;
			buildSettings = {
				ALWAYS_SEARCH_USER_PATHS = NO;
				ASSETCATALOG_COMPILER_GENERATE_SWIFT_ASSET_SYMBOL_EXTENSIONS = YES;
				CLANG_ANALYZER_NONNULL = YES;
				CLANG_ANALYZER_NUMBER_OBJECT_CONVERSION = YES_AGGRESSIVE;
				CLANG_CXX_LANGUAGE_STANDARD = "gnu++20";
				CLANG_ENABLE_MODULES = YES;
				CLANG_ENABLE_OBJC_ARC = YES;
				CLANG_ENABLE_OBJC_WEAK = YES;
				CLANG_WARN_BLOCK_CAPTURE_AUTORELEASING = YES;
				CLANG_WARN_BOOL_CONVERSION = YES;
				CLANG_WARN_COMMA = YES;
				CLANG_WARN_CONSTANT_CONVERSION = YES;
				CLANG_WARN_DEPRECATED_OBJC_IMPLEMENTATIONS = YES;
				CLANG_WARN_DIRECT_OBJC_ISA_USAGE = YES_ERROR;
				CLANG_WARN_DOCUMENTATION_COMMENTS = YES;
				CLANG_WARN_EMPTY_BODY = YES;
				CLANG_WARN_ENUM_CONVERSION = YES;
				CLANG_WARN_INFINITE_RECURSION = YES;
				CLANG_WARN_INT_CONVERSION = YES;
				CLANG_WARN_NON_LITERAL_NULL_CONVERSION = YES;
				CLANG_WARN_OBJC_IMPLICIT_RETAIN_SELF = YES;
				CLANG_WARN_OBJC_LITERAL_CONVERSION = YES;
				CLANG_WARN_OBJC_ROOT_CLASS = YES_ERROR;
				CLANG_WARN_QUOTED_INCLUDE_IN_FRAMEWORK_HEADER = YES;
				CLANG_WARN_RANGE_LOOP_ANALYSIS = YES;
				CLANG_WARN_STRICT_PROTOTYPES = YES;
				CLANG_WARN_SUSPICIOUS_MOVE = YES;
				CLANG_WARN_UNGUARDED_AVAILABILITY = YES_AGGRESSIVE;
				CLANG_WARN_UNREACHABLE_CODE = YES;
				CLANG_WARN__DUPLICATE_METHOD_MATCH = YES;
				COPY_PHASE_STRIP = NO;
				DEBUG_INFORMATION_FORMAT = "dwarf-with-dsym";
				ENABLE_NS_ASSERTIONS = NO;
				ENABLE_STRICT_OBJC_MSGSEND = YES;
				ENABLE_USER_SCRIPT_SANDBOXING = YES;
				GCC_C_LANGUAGE_STANDARD = gnu17;
				GCC_NO_COMMON_BLOCKS = YES;
				GCC_WARN_64_TO_32_BIT_CONVERSION = YES;
				GCC_WARN_ABOUT_RETURN_TYPE = YES_ERROR;
				GCC_WARN_UNDECLARED_SELECTOR = YES;
				GCC_WARN_UNINITIALIZED_AUTOS = YES_AGGRESSIVE;
				GCC_WARN_UNUSED_FUNCTION = YES;
				GCC_WARN_UNUSED_VARIABLE = YES;
				IPHONEOS_DEPLOYMENT_TARGET = 17.4;
				LOCALIZATION_PREFERS_STRING_CATALOGS = YES;
				MTL_ENABLE_DEBUG_INFO = NO;
				MTL_FAST_MATH = YES;
				SDKROOT = iphoneos;
				SWIFT_COMPILATION_MODE = wholemodule;
				VALIDATE_PRODUCT = YES;
			};
			name = Release;
		};
		A02254FE2C58F0CE00A78B01 /* Debug */ = {
			isa = XCBuildConfiguration;
			buildSettings = {
				ASSETCATALOG_COMPILER_APPICON_NAME = AppIcon;
				ASSETCATALOG_COMPILER_GLOBAL_ACCENT_COLOR_NAME = AccentColor;
				CODE_SIGN_STYLE = Automatic;
				CURRENT_PROJECT_VERSION = 1;
				DEVELOPMENT_TEAM = 8FVAA57BW9;
				GENERATE_INFOPLIST_FILE = YES;
				INFOPLIST_FILE = CalculatorBMI/Info.plist;
				INFOPLIST_KEY_UIApplicationSupportsIndirectInputEvents = YES;
				INFOPLIST_KEY_UILaunchStoryboardName = LaunchScreen;
				INFOPLIST_KEY_UIMainStoryboardFile = Main;
				INFOPLIST_KEY_UISupportedInterfaceOrientations_iPad = "UIInterfaceOrientationPortrait UIInterfaceOrientationPortraitUpsideDown UIInterfaceOrientationLandscapeLeft UIInterfaceOrientationLandscapeRight";
				INFOPLIST_KEY_UISupportedInterfaceOrientations_iPhone = "UIInterfaceOrientationPortrait UIInterfaceOrientationLandscapeLeft UIInterfaceOrientationLandscapeRight";
				LD_RUNPATH_SEARCH_PATHS = (
					"$(inherited)",
					"@executable_path/Frameworks",
				);
				MARKETING_VERSION = 1.0;
				PRODUCT_BUNDLE_IDENTIFIER = davidrobert.CalculatorBMI;
				PRODUCT_NAME = "$(TARGET_NAME)";
				SWIFT_EMIT_LOC_STRINGS = YES;
				SWIFT_VERSION = 5.0;
				TARGETED_DEVICE_FAMILY = "1,2";
			};
			name = Debug;
		};
		A02254FF2C58F0CE00A78B01 /* Release */ = {
			isa = XCBuildConfiguration;
			buildSettings = {
				ASSETCATALOG_COMPILER_APPICON_NAME = AppIcon;
				ASSETCATALOG_COMPILER_GLOBAL_ACCENT_COLOR_NAME = AccentColor;
				CODE_SIGN_STYLE = Automatic;
				CURRENT_PROJECT_VERSION = 1;
				DEVELOPMENT_TEAM = 8FVAA57BW9;
				GENERATE_INFOPLIST_FILE = YES;
				INFOPLIST_FILE = CalculatorBMI/Info.plist;
				INFOPLIST_KEY_UIApplicationSupportsIndirectInputEvents = YES;
				INFOPLIST_KEY_UILaunchStoryboardName = LaunchScreen;
				INFOPLIST_KEY_UIMainStoryboardFile = Main;
				INFOPLIST_KEY_UISupportedInterfaceOrientations_iPad = "UIInterfaceOrientationPortrait UIInterfaceOrientationPortraitUpsideDown UIInterfaceOrientationLandscapeLeft UIInterfaceOrientationLandscapeRight";
				INFOPLIST_KEY_UISupportedInterfaceOrientations_iPhone = "UIInterfaceOrientationPortrait UIInterfaceOrientationLandscapeLeft UIInterfaceOrientationLandscapeRight";
				LD_RUNPATH_SEARCH_PATHS = (
					"$(inherited)",
					"@executable_path/Frameworks",
				);
				MARKETING_VERSION = 1.0;
				PRODUCT_BUNDLE_IDENTIFIER = davidrobert.CalculatorBMI;
				PRODUCT_NAME = "$(TARGET_NAME)";
				SWIFT_EMIT_LOC_STRINGS = YES;
				SWIFT_VERSION = 5.0;
				TARGETED_DEVICE_FAMILY = "1,2";
			};
			name = Release;
		};
/* End XCBuildConfiguration section */

/* Begin XCConfigurationList section */
		A02254E42C58F0CD00A78B01 /* Build configuration list for PBXProject "CalculatorBMI" */ = {
			isa = XCConfigurationList;
			buildConfigurations = (
				A02254FB2C58F0CE00A78B01 /* Debug */,
				A02254FC2C58F0CE00A78B01 /* Release */,
			);
			defaultConfigurationIsVisible = 0;
			defaultConfigurationName = Release;
		};
		A02254FD2C58F0CE00A78B01 /* Build configuration list for PBXNativeTarget "CalculatorBMI" */ = {
			isa = XCConfigurationList;
			buildConfigurations = (
				A02254FE2C58F0CE00A78B01 /* Debug */,
				A02254FF2C58F0CE00A78B01 /* Release */,
			);
			defaultConfigurationIsVisible = 0;
			defaultConfigurationName = Release;
		};
/* End XCConfigurationList section */
	};
	rootObject = A02254E12C58F0CD00A78B01 /* Project object */;
}
