// !$*UTF8*$!
{
	archiveVersion = 1;
	classes = {
	};
	objectVersion = 56;
	objects = {

/* Begin PBXBuildFile section */
		A0289AFF2BED96B600E4696F /* AppDelegate.swift in Sources */ = {isa = PBXBuildFile; fileRef = A0289AFE2BED96B600E4696F /* AppDelegate.swift */; };
		A0289B012BED96B600E4696F /* SceneDelegate.swift in Sources */ = {isa = PBXBuildFile; fileRef = A0289B002BED96B600E4696F /* SceneDelegate.swift */; };
		A0289B032BED96B600E4696F /* ViewController.swift in Sources */ = {isa = PBXBuildFile; fileRef = A0289B022BED96B600E4696F /* ViewController.swift */; };
		A0289B062BED96B600E4696F /* Base in Resources */ = {isa = PBXBuildFile; fileRef = A0289B052BED96B600E4696F /* Base */; };
		A0289B082BED96B700E4696F /* Assets.xcassets in Resources */ = {isa = PBXBuildFile; fileRef = A0289B072BED96B700E4696F /* Assets.xcassets */; };
		A0289B0B2BED96B700E4696F /* Base in Resources */ = {isa = PBXBuildFile; fileRef = A0289B0A2BED96B700E4696F /* Base */; };
		A078CB0D2BFD952D007BBBA0 /* ResultViewController.swift in Sources */ = {isa = PBXBuildFile; fileRef = A078CB0C2BFD952C007BBBA0 /* ResultViewController.swift */; };
		A078CB0F2BFD9547007BBBA0 /* FormViewController.swift in Sources */ = {isa = PBXBuildFile; fileRef = A078CB0E2BFD9547007BBBA0 /* FormViewController.swift */; };
/* End PBXBuildFile section */

/* Begin PBXFileReference section */
		A0289AFB2BED96B600E4696F /* CalculatorIMC.app */ = {isa = PBXFileReference; explicitFileType = wrapper.application; includeInIndex = 0; path = CalculatorIMC.app; sourceTree = BUILT_PRODUCTS_DIR; };
		A0289AFE2BED96B600E4696F /* AppDelegate.swift */ = {isa = PBXFileReference; lastKnownFileType = sourcecode.swift; path = AppDelegate.swift; sourceTree = "<group>"; };
		A0289B002BED96B600E4696F /* SceneDelegate.swift */ = {isa = PBXFileReference; lastKnownFileType = sourcecode.swift; path = SceneDelegate.swift; sourceTree = "<group>"; };
		A0289B022BED96B600E4696F /* ViewController.swift */ = {isa = PBXFileReference; lastKnownFileType = sourcecode.swift; path = ViewController.swift; sourceTree = "<group>"; };
		A0289B052BED96B600E4696F /* Base */ = {isa = PBXFileReference; lastKnownFileType = file.storyboard; name = Base; path = Base.lproj/Main.storyboard; sourceTree = "<group>"; };
		A0289B072BED96B700E4696F /* Assets.xcassets */ = {isa = PBXFileReference; lastKnownFileType = folder.assetcatalog; path = Assets.xcassets; sourceTree = "<group>"; };
		A0289B0A2BED96B700E4696F /* Base */ = {isa = PBXFileReference; lastKnownFileType = file.storyboard; name = Base; path = Base.lproj/LaunchScreen.storyboard; sourceTree = "<group>"; };
		A0289B0C2BED96B700E4696F /* Info.plist */ = {isa = PBXFileReference; lastKnownFileType = text.plist.xml; path = Info.plist; sourceTree = "<group>"; };
		A078CB0C2BFD952C007BBBA0 /* ResultViewController.swift */ = {isa = PBXFileReference; lastKnownFileType = sourcecode.swift; path = ResultViewController.swift; sourceTree = "<group>"; };
		A078CB0E2BFD9547007BBBA0 /* FormViewController.swift */ = {isa = PBXFileReference; lastKnownFileType = sourcecode.swift; path = FormViewController.swift; sourceTree = "<group>"; };
/* End PBXFileReference section */

/* Begin PBXFrameworksBuildPhase section */
		A0289AF82BED96B600E4696F /* Frameworks */ = {
			isa = PBXFrameworksBuildPhase;
			buildActionMask = 2147483647;
			files = (
			);
			runOnlyForDeploymentPostprocessing = 0;
		};
/* End PBXFrameworksBuildPhase section */

/* Begin PBXGroup section */
		A0289AF22BED96B600E4696F = {
			isa = PBXGroup;
			children = (
				A0289AFD2BED96B600E4696F /* CalculatorIMC */,
				A0289AFC2BED96B600E4696F /* Products */,
			);
			sourceTree = "<group>";
		};
		A0289AFC2BED96B600E4696F /* Products */ = {
			isa = PBXGroup;
			children = (
				A0289AFB2BED96B600E4696F /* CalculatorIMC.app */,
			);
			name = Products;
			sourceTree = "<group>";
		};
		A0289AFD2BED96B600E4696F /* CalculatorIMC */ = {
			isa = PBXGroup;
			children = (
				A0289AFE2BED96B600E4696F /* AppDelegate.swift */,
				A0289B002BED96B600E4696F /* SceneDelegate.swift */,
				A0289B072BED96B700E4696F /* Assets.xcassets */,
				A0289B0C2BED96B700E4696F /* Info.plist */,
				A0289B092BED96B700E4696F /* LaunchScreen.storyboard */,
				A078CB0B2BFD9348007BBBA0 /* Model */,
				A078CB0A2BFD933B007BBBA0 /* View */,
				A078CB092BFD9300007BBBA0 /* Controller */,
			);
			path = CalculatorIMC;
			sourceTree = "<group>";
		};
		A078CB092BFD9300007BBBA0 /* Controller */ = {
			isa = PBXGroup;
			children = (
				A0289B022BED96B600E4696F /* ViewController.swift */,
				A078CB0E2BFD9547007BBBA0 /* FormViewController.swift */,
				A078CB0C2BFD952C007BBBA0 /* ResultViewController.swift */,
			);
			path = Controller;
			sourceTree = "<group>";
		};
		A078CB0A2BFD933B007BBBA0 /* View */ = {
			isa = PBXGroup;
			children = (
				A0289B042BED96B600E4696F /* Main.storyboard */,
			);
			path = View;
			sourceTree = "<group>";
		};
		A078CB0B2BFD9348007BBBA0 /* Model */ = {
			isa = PBXGroup;
			children = (
			);
			path = Model;
			sourceTree = "<group>";
		};
/* End PBXGroup section */

/* Begin PBXNativeTarget section */
		A0289AFA2BED96B600E4696F /* CalculatorIMC */ = {
			isa = PBXNativeTarget;
			buildConfigurationList = A0289B0F2BED96B700E4696F /* Build configuration list for PBXNativeTarget "CalculatorIMC" */;
			buildPhases = (
				A0289AF72BED96B600E4696F /* Sources */,
				A0289AF82BED96B600E4696F /* Frameworks */,
				A0289AF92BED96B600E4696F /* Resources */,
			);
			buildRules = (
			);
			dependencies = (
			);
			name = CalculatorIMC;
			productName = CalculatorIMC;
			productReference = A0289AFB2BED96B600E4696F /* CalculatorIMC.app */;
			productType = "com.apple.product-type.application";
		};
/* End PBXNativeTarget section */

/* Begin PBXProject section */
		A0289AF32BED96B600E4696F /* Project object */ = {
			isa = PBXProject;
			attributes = {
				BuildIndependentTargetsInParallel = 1;
				LastSwiftUpdateCheck = 1530;
				LastUpgradeCheck = 1530;
				TargetAttributes = {
					A0289AFA2BED96B600E4696F = {
						CreatedOnToolsVersion = 15.3;
					};
				};
			};
			buildConfigurationList = A0289AF62BED96B600E4696F /* Build configuration list for PBXProject "CalculatorIMC" */;
			compatibilityVersion = "Xcode 14.0";
			developmentRegion = en;
			hasScannedForEncodings = 0;
			knownRegions = (
				en,
				Base,
			);
			mainGroup = A0289AF22BED96B600E4696F;
			productRefGroup = A0289AFC2BED96B600E4696F /* Products */;
			projectDirPath = "";
			projectRoot = "";
			targets = (
				A0289AFA2BED96B600E4696F /* CalculatorIMC */,
			);
		};
/* End PBXProject section */

/* Begin PBXResourcesBuildPhase section */
		A0289AF92BED96B600E4696F /* Resources */ = {
			isa = PBXResourcesBuildPhase;
			buildActionMask = 2147483647;
			files = (
				A0289B082BED96B700E4696F /* Assets.xcassets in Resources */,
				A0289B0B2BED96B700E4696F /* Base in Resources */,
				A0289B062BED96B600E4696F /* Base in Resources */,
			);
			runOnlyForDeploymentPostprocessing = 0;
		};
/* End PBXResourcesBuildPhase section */

/* Begin PBXSourcesBuildPhase section */
		A0289AF72BED96B600E4696F /* Sources */ = {
			isa = PBXSourcesBuildPhase;
			buildActionMask = 2147483647;
			files = (
				A0289B032BED96B600E4696F /* ViewController.swift in Sources */,
				A0289AFF2BED96B600E4696F /* AppDelegate.swift in Sources */,
				A0289B012BED96B600E4696F /* SceneDelegate.swift in Sources */,
				A078CB0F2BFD9547007BBBA0 /* FormViewController.swift in Sources */,
				A078CB0D2BFD952D007BBBA0 /* ResultViewController.swift in Sources */,
			);
			runOnlyForDeploymentPostprocessing = 0;
		};
/* End PBXSourcesBuildPhase section */

/* Begin PBXVariantGroup section */
		A0289B042BED96B600E4696F /* Main.storyboard */ = {
			isa = PBXVariantGroup;
			children = (
				A0289B052BED96B600E4696F /* Base */,
			);
			name = Main.storyboard;
			sourceTree = "<group>";
		};
		A0289B092BED96B700E4696F /* LaunchScreen.storyboard */ = {
			isa = PBXVariantGroup;
			children = (
				A0289B0A2BED96B700E4696F /* Base */,
			);
			name = LaunchScreen.storyboard;
			sourceTree = "<group>";
		};
/* End PBXVariantGroup section */

/* Begin XCBuildConfiguration section */
		A0289B0D2BED96B700E4696F /* Debug */ = {
			isa = XCBuildConfiguration;
			buildSettings = {
				ALWAYS_SEARCH_USER_PATHS = NO;
				ASSETCATALOG_COMPILER_GENERATE_SWIFT_ASSET_SYMBOL_EXTENSIONS = YES;
				CLANG_ANALYZER_NONNULL = YES;
				CLANG_ANALYZER_NUMBER_OBJECT_CONVERSION = YES_AGGRESSIVE;
				CLANG_CXX_LANGUAGE_STANDARD = "gnu++20";
				CLANG_ENABLE_MODULES = YES;
				CLANG_ENABLE_OBJC_ARC = YES;
				CLANG_ENABLE_OBJC_WEAK = YES;
				CLANG_WARN_BLOCK_CAPTURE_AUTORELEASING = YES;
				CLANG_WARN_BOOL_CONVERSION = YES;
				CLANG_WARN_COMMA = YES;
				CLANG_WARN_CONSTANT_CONVERSION = YES;
				CLANG_WARN_DEPRECATED_OBJC_IMPLEMENTATIONS = YES;
				CLANG_WARN_DIRECT_OBJC_ISA_USAGE = YES_ERROR;
				CLANG_WARN_DOCUMENTATION_COMMENTS = YES;
				CLANG_WARN_EMPTY_BODY = YES;
				CLANG_WARN_ENUM_CONVERSION = YES;
				CLANG_WARN_INFINITE_RECURSION = YES;
				CLANG_WARN_INT_CONVERSION = YES;
				CLANG_WARN_NON_LITERAL_NULL_CONVERSION = YES;
				CLANG_WARN_OBJC_IMPLICIT_RETAIN_SELF = YES;
				CLANG_WARN_OBJC_LITERAL_CONVERSION = YES;
				CLANG_WARN_OBJC_ROOT_CLASS = YES_ERROR;
				CLANG_WARN_QUOTED_INCLUDE_IN_FRAMEWORK_HEADER = YES;
				CLANG_WARN_RANGE_LOOP_ANALYSIS = YES;
				CLANG_WARN_STRICT_PROTOTYPES = YES;
				CLANG_WARN_SUSPICIOUS_MOVE = YES;
				CLANG_WARN_UNGUARDED_AVAILABILITY = YES_AGGRESSIVE;
				CLANG_WARN_UNREACHABLE_CODE = YES;
				CLANG_WARN__DUPLICATE_METHOD_MATCH = YES;
				COPY_PHASE_STRIP = NO;
				DEBUG_INFORMATION_FORMAT = dwarf;
				ENABLE_STRICT_OBJC_MSGSEND = YES;
				ENABLE_TESTABILITY = YES;
				ENABLE_USER_SCRIPT_SANDBOXING = YES;
				GCC_C_LANGUAGE_STANDARD = gnu17;
				GCC_DYNAMIC_NO_PIC = NO;
				GCC_NO_COMMON_BLOCKS = YES;
				GCC_OPTIMIZATION_LEVEL = 0;
				GCC_PREPROCESSOR_DEFINITIONS = (
					"DEBUG=1",
					"$(inherited)",
				);
				GCC_WARN_64_TO_32_BIT_CONVERSION = YES;
				GCC_WARN_ABOUT_RETURN_TYPE = YES_ERROR;
				GCC_WARN_UNDECLARED_SELECTOR = YES;
				GCC_WARN_UNINITIALIZED_AUTOS = YES_AGGRESSIVE;
				GCC_WARN_UNUSED_FUNCTION = YES;
				GCC_WARN_UNUSED_VARIABLE = YES;
				IPHONEOS_DEPLOYMENT_TARGET = 17.4;
				LOCALIZATION_PREFERS_STRING_CATALOGS = YES;
				MTL_ENABLE_DEBUG_INFO = INCLUDE_SOURCE;
				MTL_FAST_MATH = YES;
				ONLY_ACTIVE_ARCH = YES;
				SDKROOT = iphoneos;
				SWIFT_ACTIVE_COMPILATION_CONDITIONS = "DEBUG $(inherited)";
				SWIFT_OPTIMIZATION_LEVEL = "-Onone";
			};
			name = Debug;
		};
		A0289B0E2BED96B700E4696F /* Release */ = {
			isa = XCBuildConfiguration;
			buildSettings = {
				ALWAYS_SEARCH_USER_PATHS = NO;
				ASSETCATALOG_COMPILER_GENERATE_SWIFT_ASSET_SYMBOL_EXTENSIONS = YES;
				CLANG_ANALYZER_NONNULL = YES;
				CLANG_ANALYZER_NUMBER_OBJECT_CONVERSION = YES_AGGRESSIVE;
				CLANG_CXX_LANGUAGE_STANDARD = "gnu++20";
				CLANG_ENABLE_MODULES = YES;
				CLANG_ENABLE_OBJC_ARC = YES;
				CLANG_ENABLE_OBJC_WEAK = YES;
				CLANG_WARN_BLOCK_CAPTURE_AUTORELEASING = YES;
				CLANG_WARN_BOOL_CONVERSION = YES;
				CLANG_WARN_COMMA = YES;
				CLANG_WARN_CONSTANT_CONVERSION = YES;
				CLANG_WARN_DEPRECATED_OBJC_IMPLEMENTATIONS = YES;
				CLANG_WARN_DIRECT_OBJC_ISA_USAGE = YES_ERROR;
				CLANG_WARN_DOCUMENTATION_COMMENTS = YES;
				CLANG_WARN_EMPTY_BODY = YES;
				CLANG_WARN_ENUM_CONVERSION = YES;
				CLANG_WARN_INFINITE_RECURSION = YES;
				CLANG_WARN_INT_CONVERSION = YES;
				CLANG_WARN_NON_LITERAL_NULL_CONVERSION = YES;
				CLANG_WARN_OBJC_IMPLICIT_RETAIN_SELF = YES;
				CLANG_WARN_OBJC_LITERAL_CONVERSION = YES;
				CLANG_WARN_OBJC_ROOT_CLASS = YES_ERROR;
				CLANG_WARN_QUOTED_INCLUDE_IN_FRAMEWORK_HEADER = YES;
				CLANG_WARN_RANGE_LOOP_ANALYSIS = YES;
				CLANG_WARN_STRICT_PROTOTYPES = YES;
				CLANG_WARN_SUSPICIOUS_MOVE = YES;
				CLANG_WARN_UNGUARDED_AVAILABILITY = YES_AGGRESSIVE;
				CLANG_WARN_UNREACHABLE_CODE = YES;
				CLANG_WARN__DUPLICATE_METHOD_MATCH = YES;
				COPY_PHASE_STRIP = NO;
				DEBUG_INFORMATION_FORMAT = "dwarf-with-dsym";
				ENABLE_NS_ASSERTIONS = NO;
				ENABLE_STRICT_OBJC_MSGSEND = YES;
				ENABLE_USER_SCRIPT_SANDBOXING = YES;
				GCC_C_LANGUAGE_STANDARD = gnu17;
				GCC_NO_COMMON_BLOCKS = YES;
				GCC_WARN_64_TO_32_BIT_CONVERSION = YES;
				GCC_WARN_ABOUT_RETURN_TYPE = YES_ERROR;
				GCC_WARN_UNDECLARED_SELECTOR = YES;
				GCC_WARN_UNINITIALIZED_AUTOS = YES_AGGRESSIVE;
				GCC_WARN_UNUSED_FUNCTION = YES;
				GCC_WARN_UNUSED_VARIABLE = YES;
				IPHONEOS_DEPLOYMENT_TARGET = 17.4;
				LOCALIZATION_PREFERS_STRING_CATALOGS = YES;
				MTL_ENABLE_DEBUG_INFO = NO;
				MTL_FAST_MATH = YES;
				SDKROOT = iphoneos;
				SWIFT_COMPILATION_MODE = wholemodule;
				VALIDATE_PRODUCT = YES;
			};
			name = Release;
		};
		A0289B102BED96B700E4696F /* Debug */ = {
			isa = XCBuildConfiguration;
			buildSettings = {
				ASSETCATALOG_COMPILER_APPICON_NAME = AppIcon;
				ASSETCATALOG_COMPILER_GLOBAL_ACCENT_COLOR_NAME = AccentColor;
				CODE_SIGN_STYLE = Automatic;
				CURRENT_PROJECT_VERSION = 1;
				DEVELOPMENT_TEAM = 8FVAA57BW9;
				GENERATE_INFOPLIST_FILE = YES;
				INFOPLIST_FILE = CalculatorIMC/Info.plist;
				INFOPLIST_KEY_UIApplicationSupportsIndirectInputEvents = YES;
				INFOPLIST_KEY_UILaunchStoryboardName = LaunchScreen;
				INFOPLIST_KEY_UIMainStoryboardFile = Main;
				INFOPLIST_KEY_UISupportedInterfaceOrientations_iPad = "UIInterfaceOrientationPortrait UIInterfaceOrientationPortraitUpsideDown UIInterfaceOrientationLandscapeLeft UIInterfaceOrientationLandscapeRight";
				INFOPLIST_KEY_UISupportedInterfaceOrientations_iPhone = "UIInterfaceOrientationPortrait UIInterfaceOrientationLandscapeLeft UIInterfaceOrientationLandscapeRight";
				LD_RUNPATH_SEARCH_PATHS = (
					"$(inherited)",
					"@executable_path/Frameworks",
				);
				MARKETING_VERSION = 1.0;
				PRODUCT_BUNDLE_IDENTIFIER = davidrobert.CalculatorIMC;
				PRODUCT_NAME = "$(TARGET_NAME)";
				SWIFT_EMIT_LOC_STRINGS = YES;
				SWIFT_VERSION = 5.0;
				TARGETED_DEVICE_FAMILY = "1,2";
			};
			name = Debug;
		};
		A0289B112BED96B700E4696F /* Release */ = {
			isa = XCBuildConfiguration;
			buildSettings = {
				ASSETCATALOG_COMPILER_APPICON_NAME = AppIcon;
				ASSETCATALOG_COMPILER_GLOBAL_ACCENT_COLOR_NAME = AccentColor;
				CODE_SIGN_STYLE = Automatic;
				CURRENT_PROJECT_VERSION = 1;
				DEVELOPMENT_TEAM = 8FVAA57BW9;
				GENERATE_INFOPLIST_FILE = YES;
				INFOPLIST_FILE = CalculatorIMC/Info.plist;
				INFOPLIST_KEY_UIApplicationSupportsIndirectInputEvents = YES;
				INFOPLIST_KEY_UILaunchStoryboardName = LaunchScreen;
				INFOPLIST_KEY_UIMainStoryboardFile = Main;
				INFOPLIST_KEY_UISupportedInterfaceOrientations_iPad = "UIInterfaceOrientationPortrait UIInterfaceOrientationPortraitUpsideDown UIInterfaceOrientationLandscapeLeft UIInterfaceOrientationLandscapeRight";
				INFOPLIST_KEY_UISupportedInterfaceOrientations_iPhone = "UIInterfaceOrientationPortrait UIInterfaceOrientationLandscapeLeft UIInterfaceOrientationLandscapeRight";
				LD_RUNPATH_SEARCH_PATHS = (
					"$(inherited)",
					"@executable_path/Frameworks",
				);
				MARKETING_VERSION = 1.0;
				PRODUCT_BUNDLE_IDENTIFIER = davidrobert.CalculatorIMC;
				PRODUCT_NAME = "$(TARGET_NAME)";
				SWIFT_EMIT_LOC_STRINGS = YES;
				SWIFT_VERSION = 5.0;
				TARGETED_DEVICE_FAMILY = "1,2";
			};
			name = Release;
		};
/* End XCBuildConfiguration section */

/* Begin XCConfigurationList section */
		A0289AF62BED96B600E4696F /* Build configuration list for PBXProject "CalculatorIMC" */ = {
			isa = XCConfigurationList;
			buildConfigurations = (
				A0289B0D2BED96B700E4696F /* Debug */,
				A0289B0E2BED96B700E4696F /* Release */,
			);
			defaultConfigurationIsVisible = 0;
			defaultConfigurationName = Release;
		};
		A0289B0F2BED96B700E4696F /* Build configuration list for PBXNativeTarget "CalculatorIMC" */ = {
			isa = XCConfigurationList;
			buildConfigurations = (
				A0289B102BED96B700E4696F /* Debug */,
				A0289B112BED96B700E4696F /* Release */,
			);
			defaultConfigurationIsVisible = 0;
			defaultConfigurationName = Release;
		};
/* End XCConfigurationList section */
	};
	rootObject = A0289AF32BED96B600E4696F /* Project object */;
}
